// !$*UTF8*$!
{
	archiveVersion = 1;
	classes = {
	};
	objectVersion = 50;
	objects = {

/* Begin PBXBuildFile section */
		3564978721C54A080075AD7F /* UIImage+Extension.m in Sources */ = {isa = PBXBuildFile; fileRef = 3564978621C54A080075AD7F /* UIImage+Extension.m */; };
		3564978A21C6370B0075AD7F /* ProtocolVC.m in Sources */ = {isa = PBXBuildFile; fileRef = 3564978921C6370B0075AD7F /* ProtocolVC.m */; };
		357E657621C10DB100245EC8 /* GetAddressBookPopView.m in Sources */ = {isa = PBXBuildFile; fileRef = 357E657521C10DB100245EC8 /* GetAddressBookPopView.m */; };
		357E657821C10DE900245EC8 /* GetAddressBookPopView.xib in Resources */ = {isa = PBXBuildFile; fileRef = 357E657721C10DE900245EC8 /* GetAddressBookPopView.xib */; };
		357E657B21C10E4500245EC8 /* RepaySuccessVC.m in Sources */ = {isa = PBXBuildFile; fileRef = 357E657A21C10E4500245EC8 /* RepaySuccessVC.m */; };
		357E657D21C10E7900245EC8 /* RepaySuccessVC.storyboard in Resources */ = {isa = PBXBuildFile; fileRef = 357E657C21C10E7900245EC8 /* RepaySuccessVC.storyboard */; };
		357E658021C10ECC00245EC8 /* PaymentCodePopView.m in Sources */ = {isa = PBXBuildFile; fileRef = 357E657F21C10ECC00245EC8 /* PaymentCodePopView.m */; };
		357E658221C10EDC00245EC8 /* PaymentCodePopView.xib in Resources */ = {isa = PBXBuildFile; fileRef = 357E658121C10EDC00245EC8 /* PaymentCodePopView.xib */; };
		359EDD8321BEA83E00C2A8EB /* EmergencyContactHeadView.m in Sources */ = {isa = PBXBuildFile; fileRef = 359EDD8221BEA83E00C2A8EB /* EmergencyContactHeadView.m */; };
		359EDD8521BEA86300C2A8EB /* EmergencyContactHeadView.xib in Resources */ = {isa = PBXBuildFile; fileRef = 359EDD8421BEA86300C2A8EB /* EmergencyContactHeadView.xib */; };
		359EDD8821BEC38300C2A8EB /* AliPayFooterView.m in Sources */ = {isa = PBXBuildFile; fileRef = 359EDD8721BEC38300C2A8EB /* AliPayFooterView.m */; };
		359EDD8A21BEC3A900C2A8EB /* AliPayFooterView.xib in Resources */ = {isa = PBXBuildFile; fileRef = 359EDD8921BEC3A900C2A8EB /* AliPayFooterView.xib */; };
		359EDD9721BECD2700C2A8EB /* IDCardCell.m in Sources */ = {isa = PBXBuildFile; fileRef = 359EDD9521BECD2700C2A8EB /* IDCardCell.m */; };
		359EDD9821BECD2700C2A8EB /* IDCardCell.xib in Resources */ = {isa = PBXBuildFile; fileRef = 359EDD9621BECD2700C2A8EB /* IDCardCell.xib */; };
		35A4ED3621C2635500C35ECB /* LPUser.m in Sources */ = {isa = PBXBuildFile; fileRef = 35A4ED3521C2635500C35ECB /* LPUser.m */; };
		35CFBE0C21BE0A7B0065B11D /* LoanProgressVC.m in Sources */ = {isa = PBXBuildFile; fileRef = 35CFBE0B21BE0A7B0065B11D /* LoanProgressVC.m */; };
		35CFBE0F21BE0AA80065B11D /* MyLoanVC.m in Sources */ = {isa = PBXBuildFile; fileRef = 35CFBE0E21BE0AA80065B11D /* MyLoanVC.m */; };
		35CFBE1221BE0AD50065B11D /* CustomerServiceVC.m in Sources */ = {isa = PBXBuildFile; fileRef = 35CFBE1121BE0AD50065B11D /* CustomerServiceVC.m */; };
		35CFBE1521BE0AFC0065B11D /* CardManageVC.m in Sources */ = {isa = PBXBuildFile; fileRef = 35CFBE1421BE0AFC0065B11D /* CardManageVC.m */; };
		35CFBE1821BE0B8A0065B11D /* CarrierCertificationVC.m in Sources */ = {isa = PBXBuildFile; fileRef = 35CFBE1721BE0B8A0065B11D /* CarrierCertificationVC.m */; };
		35CFBE1B21BE0BE20065B11D /* AlipayCertificationVC.m in Sources */ = {isa = PBXBuildFile; fileRef = 35CFBE1A21BE0BE20065B11D /* AlipayCertificationVC.m */; };
		35CFBE1E21BE0C1C0065B11D /* IDCardCertificationVC.m in Sources */ = {isa = PBXBuildFile; fileRef = 35CFBE1D21BE0C1C0065B11D /* IDCardCertificationVC.m */; };
		35CFBE2121BE0C3C0065B11D /* BankCardCertificationVC.m in Sources */ = {isa = PBXBuildFile; fileRef = 35CFBE2021BE0C3C0065B11D /* BankCardCertificationVC.m */; };
		35CFBE2821BE485A0065B11D /* MineHeadView.m in Sources */ = {isa = PBXBuildFile; fileRef = 35CFBE2721BE485A0065B11D /* MineHeadView.m */; };
		35CFBE3721BE5D060065B11D /* BankCardCell.m in Sources */ = {isa = PBXBuildFile; fileRef = 35CFBE3521BE5D060065B11D /* BankCardCell.m */; };
		35CFBE3821BE5D060065B11D /* BankCardCell.xib in Resources */ = {isa = PBXBuildFile; fileRef = 35CFBE3621BE5D060065B11D /* BankCardCell.xib */; };
		35CFBE3F21BE65380065B11D /* CarrierCell.m in Sources */ = {isa = PBXBuildFile; fileRef = 35CFBE3D21BE65380065B11D /* CarrierCell.m */; };
		35CFBE4021BE65380065B11D /* CarrierCell.xib in Resources */ = {isa = PBXBuildFile; fileRef = 35CFBE3E21BE65380065B11D /* CarrierCell.xib */; };
		35CFBE4321BE681C0065B11D /* PhoneCertificationVC.m in Sources */ = {isa = PBXBuildFile; fileRef = 35CFBE4221BE681C0065B11D /* PhoneCertificationVC.m */; };
		35CFBE4921BE6E560065B11D /* UIButton+Extension.m in Sources */ = {isa = PBXBuildFile; fileRef = 35CFBE4821BE6E560065B11D /* UIButton+Extension.m */; };
		35D9749A21AE978D007F139C /* AppDelegate.m in Sources */ = {isa = PBXBuildFile; fileRef = 35D9749921AE978D007F139C /* AppDelegate.m */; };
		35D974A021AE978D007F139C /* Main.storyboard in Resources */ = {isa = PBXBuildFile; fileRef = 35D9749E21AE978D007F139C /* Main.storyboard */; };
		35D974A221AE978E007F139C /* Assets.xcassets in Resources */ = {isa = PBXBuildFile; fileRef = 35D974A121AE978E007F139C /* Assets.xcassets */; };
		35D974A521AE978E007F139C /* LaunchScreen.storyboard in Resources */ = {isa = PBXBuildFile; fileRef = 35D974A321AE978E007F139C /* LaunchScreen.storyboard */; };
		35D974A821AE978E007F139C /* main.m in Sources */ = {isa = PBXBuildFile; fileRef = 35D974A721AE978E007F139C /* main.m */; };
		35D974C421AE991A007F139C /* LPMainTabBarC.m in Sources */ = {isa = PBXBuildFile; fileRef = 35D974C121AE991A007F139C /* LPMainTabBarC.m */; };
		35D974C521AE991A007F139C /* LPMainNavC.m in Sources */ = {isa = PBXBuildFile; fileRef = 35D974C221AE991A007F139C /* LPMainNavC.m */; };
		35D974C821AE9A0F007F139C /* UI.json in Resources */ = {isa = PBXBuildFile; fileRef = 35D974C621AE9A0F007F139C /* UI.json */; };
		35D974CB21AE9A86007F139C /* LPCertificationVC.m in Sources */ = {isa = PBXBuildFile; fileRef = 35D974CA21AE9A86007F139C /* LPCertificationVC.m */; };
		35D974CE21AE9A9B007F139C /* LPMineVC.m in Sources */ = {isa = PBXBuildFile; fileRef = 35D974CD21AE9A9B007F139C /* LPMineVC.m */; };
		35D974D121AEA068007F139C /* LPCertificationCell.m in Sources */ = {isa = PBXBuildFile; fileRef = 35D974D021AEA068007F139C /* LPCertificationCell.m */; };
		35D974D921AFE2DD007F139C /* LoginVC.m in Sources */ = {isa = PBXBuildFile; fileRef = 35D974D821AFE2DD007F139C /* LoginVC.m */; };
		35D974DD21AFE30B007F139C /* LoginVC.storyboard in Resources */ = {isa = PBXBuildFile; fileRef = 35D974DC21AFE30B007F139C /* LoginVC.storyboard */; };
		35D974E721AFF2E5007F139C /* HelpCenterVC.m in Sources */ = {isa = PBXBuildFile; fileRef = 35D974E621AFF2E5007F139C /* HelpCenterVC.m */; };
		35F0176621CB6FDD00BCEC4E /* SubmitSuccessVC.m in Sources */ = {isa = PBXBuildFile; fileRef = 35F0176521CB6FDD00BCEC4E /* SubmitSuccessVC.m */; };
		35F0176821CB6FEB00BCEC4E /* SubmitSuccessVC.storyboard in Resources */ = {isa = PBXBuildFile; fileRef = 35F0176721CB6FEB00BCEC4E /* SubmitSuccessVC.storyboard */; };
		35F0176B21CB701000BCEC4E /* CarrierProtocolVC.m in Sources */ = {isa = PBXBuildFile; fileRef = 35F0176A21CB701000BCEC4E /* CarrierProtocolVC.m */; };
		35F0176F21CB7BCA00BCEC4E /* PhoneCheckCell.m in Sources */ = {isa = PBXBuildFile; fileRef = 35F0176D21CB7BCA00BCEC4E /* PhoneCheckCell.m */; };
		35F0177021CB7BCA00BCEC4E /* PhoneCheckCell.xib in Resources */ = {isa = PBXBuildFile; fileRef = 35F0176E21CB7BCA00BCEC4E /* PhoneCheckCell.xib */; };
		35FCAFD921CB3248006EE3FB /* UIButton+DealMultiClick.m in Sources */ = {isa = PBXBuildFile; fileRef = 35FCAFD821CB3248006EE3FB /* UIButton+DealMultiClick.m */; };
		35FEF01D21BF99460026196E /* CustomServerCell.m in Sources */ = {isa = PBXBuildFile; fileRef = 35FEF01B21BF99460026196E /* CustomServerCell.m */; };
		35FEF01E21BF99460026196E /* CustomServerCell.xib in Resources */ = {isa = PBXBuildFile; fileRef = 35FEF01C21BF99460026196E /* CustomServerCell.xib */; };
		35FEF02021BFB51C0026196E /* CardManageVC.storyboard in Resources */ = {isa = PBXBuildFile; fileRef = 35FEF01F21BFB51C0026196E /* CardManageVC.storyboard */; };
		35FEF02821BFC2080026196E /* LoanProgressIngVC.m in Sources */ = {isa = PBXBuildFile; fileRef = 35FEF02721BFC2080026196E /* LoanProgressIngVC.m */; };
		35FEF02A21BFC21E0026196E /* LoanProgressIngVC.storyboard in Resources */ = {isa = PBXBuildFile; fileRef = 35FEF02921BFC21E0026196E /* LoanProgressIngVC.storyboard */; };
		35FEF02D21BFC2D70026196E /* LoanProgressLoseVC.m in Sources */ = {isa = PBXBuildFile; fileRef = 35FEF02C21BFC2D70026196E /* LoanProgressLoseVC.m */; };
		35FEF02F21BFC2DF0026196E /* LoanProgressLoseVC.storyboard in Resources */ = {isa = PBXBuildFile; fileRef = 35FEF02E21BFC2DF0026196E /* LoanProgressLoseVC.storyboard */; };
		35FEF03121BFC40C0026196E /* LoanProgressVC.storyboard in Resources */ = {isa = PBXBuildFile; fileRef = 35FEF03021BFC40C0026196E /* LoanProgressVC.storyboard */; };
		35FEF03321BFC4700026196E /* MyLoanVC.storyboard in Resources */ = {isa = PBXBuildFile; fileRef = 35FEF03221BFC4700026196E /* MyLoanVC.storyboard */; };
		5E5392F9AF2D7C820F35789C /* libPods-LoanProject.a in Frameworks */ = {isa = PBXBuildFile; fileRef = 39C9F526D3557AF329873BE2 /* libPods-LoanProject.a */; };
/* End PBXBuildFile section */

/* Begin PBXFileReference section */
		2A8C419A6E50DC3FBFBA2815 /* Pods-LoanProject.release.xcconfig */ = {isa = PBXFileReference; includeInIndex = 1; lastKnownFileType = text.xcconfig; name = "Pods-LoanProject.release.xcconfig"; path = "Pods/Target Support Files/Pods-LoanProject/Pods-LoanProject.release.xcconfig"; sourceTree = "<group>"; };
		3564978521C54A080075AD7F /* UIImage+Extension.h */ = {isa = PBXFileReference; lastKnownFileType = sourcecode.c.h; path = "UIImage+Extension.h"; sourceTree = "<group>"; };
		3564978621C54A080075AD7F /* UIImage+Extension.m */ = {isa = PBXFileReference; lastKnownFileType = sourcecode.c.objc; path = "UIImage+Extension.m"; sourceTree = "<group>"; };
		3564978821C6370B0075AD7F /* ProtocolVC.h */ = {isa = PBXFileReference; lastKnownFileType = sourcecode.c.h; path = ProtocolVC.h; sourceTree = "<group>"; };
		3564978921C6370B0075AD7F /* ProtocolVC.m */ = {isa = PBXFileReference; lastKnownFileType = sourcecode.c.objc; path = ProtocolVC.m; sourceTree = "<group>"; };
		357E657421C10DB100245EC8 /* GetAddressBookPopView.h */ = {isa = PBXFileReference; lastKnownFileType = sourcecode.c.h; path = GetAddressBookPopView.h; sourceTree = "<group>"; };
		357E657521C10DB100245EC8 /* GetAddressBookPopView.m */ = {isa = PBXFileReference; lastKnownFileType = sourcecode.c.objc; path = GetAddressBookPopView.m; sourceTree = "<group>"; };
		357E657721C10DE900245EC8 /* GetAddressBookPopView.xib */ = {isa = PBXFileReference; lastKnownFileType = file.xib; path = GetAddressBookPopView.xib; sourceTree = "<group>"; };
		357E657921C10E4500245EC8 /* RepaySuccessVC.h */ = {isa = PBXFileReference; lastKnownFileType = sourcecode.c.h; path = RepaySuccessVC.h; sourceTree = "<group>"; };
		357E657A21C10E4500245EC8 /* RepaySuccessVC.m */ = {isa = PBXFileReference; lastKnownFileType = sourcecode.c.objc; path = RepaySuccessVC.m; sourceTree = "<group>"; };
		357E657C21C10E7900245EC8 /* RepaySuccessVC.storyboard */ = {isa = PBXFileReference; lastKnownFileType = file.storyboard; path = RepaySuccessVC.storyboard; sourceTree = "<group>"; };
		357E657E21C10ECC00245EC8 /* PaymentCodePopView.h */ = {isa = PBXFileReference; lastKnownFileType = sourcecode.c.h; path = PaymentCodePopView.h; sourceTree = "<group>"; };
		357E657F21C10ECC00245EC8 /* PaymentCodePopView.m */ = {isa = PBXFileReference; lastKnownFileType = sourcecode.c.objc; path = PaymentCodePopView.m; sourceTree = "<group>"; };
		357E658121C10EDC00245EC8 /* PaymentCodePopView.xib */ = {isa = PBXFileReference; lastKnownFileType = file.xib; path = PaymentCodePopView.xib; sourceTree = "<group>"; };
		359EDD8121BEA83E00C2A8EB /* EmergencyContactHeadView.h */ = {isa = PBXFileReference; lastKnownFileType = sourcecode.c.h; path = EmergencyContactHeadView.h; sourceTree = "<group>"; };
		359EDD8221BEA83E00C2A8EB /* EmergencyContactHeadView.m */ = {isa = PBXFileReference; lastKnownFileType = sourcecode.c.objc; path = EmergencyContactHeadView.m; sourceTree = "<group>"; };
		359EDD8421BEA86300C2A8EB /* EmergencyContactHeadView.xib */ = {isa = PBXFileReference; lastKnownFileType = file.xib; path = EmergencyContactHeadView.xib; sourceTree = "<group>"; };
		359EDD8621BEC38300C2A8EB /* AliPayFooterView.h */ = {isa = PBXFileReference; lastKnownFileType = sourcecode.c.h; path = AliPayFooterView.h; sourceTree = "<group>"; };
		359EDD8721BEC38300C2A8EB /* AliPayFooterView.m */ = {isa = PBXFileReference; lastKnownFileType = sourcecode.c.objc; path = AliPayFooterView.m; sourceTree = "<group>"; };
		359EDD8921BEC3A900C2A8EB /* AliPayFooterView.xib */ = {isa = PBXFileReference; lastKnownFileType = file.xib; path = AliPayFooterView.xib; sourceTree = "<group>"; };
		359EDD9421BECD2700C2A8EB /* IDCardCell.h */ = {isa = PBXFileReference; lastKnownFileType = sourcecode.c.h; path = IDCardCell.h; sourceTree = "<group>"; };
		359EDD9521BECD2700C2A8EB /* IDCardCell.m */ = {isa = PBXFileReference; lastKnownFileType = sourcecode.c.objc; path = IDCardCell.m; sourceTree = "<group>"; };
		359EDD9621BECD2700C2A8EB /* IDCardCell.xib */ = {isa = PBXFileReference; lastKnownFileType = file.xib; path = IDCardCell.xib; sourceTree = "<group>"; };
		35A4ED3421C2635500C35ECB /* LPUser.h */ = {isa = PBXFileReference; lastKnownFileType = sourcecode.c.h; path = LPUser.h; sourceTree = "<group>"; };
		35A4ED3521C2635500C35ECB /* LPUser.m */ = {isa = PBXFileReference; lastKnownFileType = sourcecode.c.objc; path = LPUser.m; sourceTree = "<group>"; };
		35CFBE0A21BE0A7B0065B11D /* LoanProgressVC.h */ = {isa = PBXFileReference; lastKnownFileType = sourcecode.c.h; path = LoanProgressVC.h; sourceTree = "<group>"; };
		35CFBE0B21BE0A7B0065B11D /* LoanProgressVC.m */ = {isa = PBXFileReference; lastKnownFileType = sourcecode.c.objc; path = LoanProgressVC.m; sourceTree = "<group>"; };
		35CFBE0D21BE0AA80065B11D /* MyLoanVC.h */ = {isa = PBXFileReference; lastKnownFileType = sourcecode.c.h; path = MyLoanVC.h; sourceTree = "<group>"; };
		35CFBE0E21BE0AA80065B11D /* MyLoanVC.m */ = {isa = PBXFileReference; lastKnownFileType = sourcecode.c.objc; path = MyLoanVC.m; sourceTree = "<group>"; };
		35CFBE1021BE0AD50065B11D /* CustomerServiceVC.h */ = {isa = PBXFileReference; lastKnownFileType = sourcecode.c.h; path = CustomerServiceVC.h; sourceTree = "<group>"; };
		35CFBE1121BE0AD50065B11D /* CustomerServiceVC.m */ = {isa = PBXFileReference; lastKnownFileType = sourcecode.c.objc; path = CustomerServiceVC.m; sourceTree = "<group>"; };
		35CFBE1321BE0AFC0065B11D /* CardManageVC.h */ = {isa = PBXFileReference; lastKnownFileType = sourcecode.c.h; path = CardManageVC.h; sourceTree = "<group>"; };
		35CFBE1421BE0AFC0065B11D /* CardManageVC.m */ = {isa = PBXFileReference; lastKnownFileType = sourcecode.c.objc; path = CardManageVC.m; sourceTree = "<group>"; };
		35CFBE1621BE0B8A0065B11D /* CarrierCertificationVC.h */ = {isa = PBXFileReference; lastKnownFileType = sourcecode.c.h; path = CarrierCertificationVC.h; sourceTree = "<group>"; };
		35CFBE1721BE0B8A0065B11D /* CarrierCertificationVC.m */ = {isa = PBXFileReference; lastKnownFileType = sourcecode.c.objc; path = CarrierCertificationVC.m; sourceTree = "<group>"; };
		35CFBE1921BE0BE20065B11D /* AlipayCertificationVC.h */ = {isa = PBXFileReference; lastKnownFileType = sourcecode.c.h; path = AlipayCertificationVC.h; sourceTree = "<group>"; };
		35CFBE1A21BE0BE20065B11D /* AlipayCertificationVC.m */ = {isa = PBXFileReference; lastKnownFileType = sourcecode.c.objc; path = AlipayCertificationVC.m; sourceTree = "<group>"; };
		35CFBE1C21BE0C1C0065B11D /* IDCardCertificationVC.h */ = {isa = PBXFileReference; lastKnownFileType = sourcecode.c.h; path = IDCardCertificationVC.h; sourceTree = "<group>"; };
		35CFBE1D21BE0C1C0065B11D /* IDCardCertificationVC.m */ = {isa = PBXFileReference; lastKnownFileType = sourcecode.c.objc; path = IDCardCertificationVC.m; sourceTree = "<group>"; };
		35CFBE1F21BE0C3C0065B11D /* BankCardCertificationVC.h */ = {isa = PBXFileReference; lastKnownFileType = sourcecode.c.h; path = BankCardCertificationVC.h; sourceTree = "<group>"; };
		35CFBE2021BE0C3C0065B11D /* BankCardCertificationVC.m */ = {isa = PBXFileReference; lastKnownFileType = sourcecode.c.objc; path = BankCardCertificationVC.m; sourceTree = "<group>"; };
		35CFBE2621BE485A0065B11D /* MineHeadView.h */ = {isa = PBXFileReference; lastKnownFileType = sourcecode.c.h; path = MineHeadView.h; sourceTree = "<group>"; };
		35CFBE2721BE485A0065B11D /* MineHeadView.m */ = {isa = PBXFileReference; lastKnownFileType = sourcecode.c.objc; path = MineHeadView.m; sourceTree = "<group>"; };
		35CFBE3421BE5D060065B11D /* BankCardCell.h */ = {isa = PBXFileReference; lastKnownFileType = sourcecode.c.h; path = BankCardCell.h; sourceTree = "<group>"; };
		35CFBE3521BE5D060065B11D /* BankCardCell.m */ = {isa = PBXFileReference; lastKnownFileType = sourcecode.c.objc; path = BankCardCell.m; sourceTree = "<group>"; };
		35CFBE3621BE5D060065B11D /* BankCardCell.xib */ = {isa = PBXFileReference; lastKnownFileType = file.xib; path = BankCardCell.xib; sourceTree = "<group>"; };
		35CFBE3C21BE65380065B11D /* CarrierCell.h */ = {isa = PBXFileReference; lastKnownFileType = sourcecode.c.h; path = CarrierCell.h; sourceTree = "<group>"; };
		35CFBE3D21BE65380065B11D /* CarrierCell.m */ = {isa = PBXFileReference; lastKnownFileType = sourcecode.c.objc; path = CarrierCell.m; sourceTree = "<group>"; };
		35CFBE3E21BE65380065B11D /* CarrierCell.xib */ = {isa = PBXFileReference; lastKnownFileType = file.xib; path = CarrierCell.xib; sourceTree = "<group>"; };
		35CFBE4121BE681C0065B11D /* PhoneCertificationVC.h */ = {isa = PBXFileReference; lastKnownFileType = sourcecode.c.h; path = PhoneCertificationVC.h; sourceTree = "<group>"; };
		35CFBE4221BE681C0065B11D /* PhoneCertificationVC.m */ = {isa = PBXFileReference; lastKnownFileType = sourcecode.c.objc; path = PhoneCertificationVC.m; sourceTree = "<group>"; };
		35CFBE4721BE6E560065B11D /* UIButton+Extension.h */ = {isa = PBXFileReference; lastKnownFileType = sourcecode.c.h; path = "UIButton+Extension.h"; sourceTree = "<group>"; };
		35CFBE4821BE6E560065B11D /* UIButton+Extension.m */ = {isa = PBXFileReference; lastKnownFileType = sourcecode.c.objc; path = "UIButton+Extension.m"; sourceTree = "<group>"; };
		35D9749521AE978D007F139C /* LoanProject.app */ = {isa = PBXFileReference; explicitFileType = wrapper.application; includeInIndex = 0; path = LoanProject.app; sourceTree = BUILT_PRODUCTS_DIR; };
		35D9749821AE978D007F139C /* AppDelegate.h */ = {isa = PBXFileReference; lastKnownFileType = sourcecode.c.h; path = AppDelegate.h; sourceTree = "<group>"; };
		35D9749921AE978D007F139C /* AppDelegate.m */ = {isa = PBXFileReference; lastKnownFileType = sourcecode.c.objc; path = AppDelegate.m; sourceTree = "<group>"; };
		35D9749F21AE978D007F139C /* Base */ = {isa = PBXFileReference; lastKnownFileType = file.storyboard; name = Base; path = Base.lproj/Main.storyboard; sourceTree = "<group>"; };
		35D974A121AE978E007F139C /* Assets.xcassets */ = {isa = PBXFileReference; lastKnownFileType = folder.assetcatalog; path = Assets.xcassets; sourceTree = "<group>"; };
		35D974A421AE978E007F139C /* Base */ = {isa = PBXFileReference; lastKnownFileType = file.storyboard; name = Base; path = Base.lproj/LaunchScreen.storyboard; sourceTree = "<group>"; };
		35D974A621AE978E007F139C /* Info.plist */ = {isa = PBXFileReference; lastKnownFileType = text.plist.xml; path = Info.plist; sourceTree = "<group>"; };
		35D974A721AE978E007F139C /* main.m */ = {isa = PBXFileReference; lastKnownFileType = sourcecode.c.objc; path = main.m; sourceTree = "<group>"; };
		35D974C021AE991A007F139C /* LPMainNavC.h */ = {isa = PBXFileReference; fileEncoding = 4; lastKnownFileType = sourcecode.c.h; path = LPMainNavC.h; sourceTree = "<group>"; };
		35D974C121AE991A007F139C /* LPMainTabBarC.m */ = {isa = PBXFileReference; fileEncoding = 4; lastKnownFileType = sourcecode.c.objc; path = LPMainTabBarC.m; sourceTree = "<group>"; };
		35D974C221AE991A007F139C /* LPMainNavC.m */ = {isa = PBXFileReference; fileEncoding = 4; lastKnownFileType = sourcecode.c.objc; path = LPMainNavC.m; sourceTree = "<group>"; };
		35D974C321AE991A007F139C /* LPMainTabBarC.h */ = {isa = PBXFileReference; fileEncoding = 4; lastKnownFileType = sourcecode.c.h; path = LPMainTabBarC.h; sourceTree = "<group>"; };
		35D974C621AE9A0F007F139C /* UI.json */ = {isa = PBXFileReference; fileEncoding = 4; lastKnownFileType = text.json; path = UI.json; sourceTree = "<group>"; };
		35D974C721AE9A0F007F139C /* LPA-Prefix.pch */ = {isa = PBXFileReference; fileEncoding = 4; lastKnownFileType = sourcecode.c.h; path = "LPA-Prefix.pch"; sourceTree = "<group>"; };
		35D974C921AE9A86007F139C /* LPCertificationVC.h */ = {isa = PBXFileReference; lastKnownFileType = sourcecode.c.h; path = LPCertificationVC.h; sourceTree = "<group>"; };
		35D974CA21AE9A86007F139C /* LPCertificationVC.m */ = {isa = PBXFileReference; lastKnownFileType = sourcecode.c.objc; path = LPCertificationVC.m; sourceTree = "<group>"; };
		35D974CC21AE9A9B007F139C /* LPMineVC.h */ = {isa = PBXFileReference; lastKnownFileType = sourcecode.c.h; path = LPMineVC.h; sourceTree = "<group>"; };
		35D974CD21AE9A9B007F139C /* LPMineVC.m */ = {isa = PBXFileReference; lastKnownFileType = sourcecode.c.objc; path = LPMineVC.m; sourceTree = "<group>"; };
		35D974CF21AEA068007F139C /* LPCertificationCell.h */ = {isa = PBXFileReference; lastKnownFileType = sourcecode.c.h; path = LPCertificationCell.h; sourceTree = "<group>"; };
		35D974D021AEA068007F139C /* LPCertificationCell.m */ = {isa = PBXFileReference; lastKnownFileType = sourcecode.c.objc; path = LPCertificationCell.m; sourceTree = "<group>"; };
		35D974D721AFE2DD007F139C /* LoginVC.h */ = {isa = PBXFileReference; lastKnownFileType = sourcecode.c.h; path = LoginVC.h; sourceTree = "<group>"; };
		35D974D821AFE2DD007F139C /* LoginVC.m */ = {isa = PBXFileReference; lastKnownFileType = sourcecode.c.objc; path = LoginVC.m; sourceTree = "<group>"; };
		35D974DC21AFE30B007F139C /* LoginVC.storyboard */ = {isa = PBXFileReference; lastKnownFileType = file.storyboard; path = LoginVC.storyboard; sourceTree = "<group>"; };
		35D974E521AFF2E5007F139C /* HelpCenterVC.h */ = {isa = PBXFileReference; lastKnownFileType = sourcecode.c.h; path = HelpCenterVC.h; sourceTree = "<group>"; };
		35D974E621AFF2E5007F139C /* HelpCenterVC.m */ = {isa = PBXFileReference; lastKnownFileType = sourcecode.c.objc; path = HelpCenterVC.m; sourceTree = "<group>"; };
		35F0176421CB6FDD00BCEC4E /* SubmitSuccessVC.h */ = {isa = PBXFileReference; lastKnownFileType = sourcecode.c.h; path = SubmitSuccessVC.h; sourceTree = "<group>"; };
		35F0176521CB6FDD00BCEC4E /* SubmitSuccessVC.m */ = {isa = PBXFileReference; lastKnownFileType = sourcecode.c.objc; path = SubmitSuccessVC.m; sourceTree = "<group>"; };
		35F0176721CB6FEB00BCEC4E /* SubmitSuccessVC.storyboard */ = {isa = PBXFileReference; lastKnownFileType = file.storyboard; path = SubmitSuccessVC.storyboard; sourceTree = "<group>"; };
		35F0176921CB701000BCEC4E /* CarrierProtocolVC.h */ = {isa = PBXFileReference; lastKnownFileType = sourcecode.c.h; path = CarrierProtocolVC.h; sourceTree = "<group>"; };
		35F0176A21CB701000BCEC4E /* CarrierProtocolVC.m */ = {isa = PBXFileReference; lastKnownFileType = sourcecode.c.objc; path = CarrierProtocolVC.m; sourceTree = "<group>"; };
		35F0176C21CB7BCA00BCEC4E /* PhoneCheckCell.h */ = {isa = PBXFileReference; lastKnownFileType = sourcecode.c.h; path = PhoneCheckCell.h; sourceTree = "<group>"; };
		35F0176D21CB7BCA00BCEC4E /* PhoneCheckCell.m */ = {isa = PBXFileReference; lastKnownFileType = sourcecode.c.objc; path = PhoneCheckCell.m; sourceTree = "<group>"; };
		35F0176E21CB7BCA00BCEC4E /* PhoneCheckCell.xib */ = {isa = PBXFileReference; lastKnownFileType = file.xib; path = PhoneCheckCell.xib; sourceTree = "<group>"; };
		35FCAFD721CB3248006EE3FB /* UIButton+DealMultiClick.h */ = {isa = PBXFileReference; lastKnownFileType = sourcecode.c.h; path = "UIButton+DealMultiClick.h"; sourceTree = "<group>"; };
		35FCAFD821CB3248006EE3FB /* UIButton+DealMultiClick.m */ = {isa = PBXFileReference; lastKnownFileType = sourcecode.c.objc; path = "UIButton+DealMultiClick.m"; sourceTree = "<group>"; };
		35FEF01A21BF99460026196E /* CustomServerCell.h */ = {isa = PBXFileReference; lastKnownFileType = sourcecode.c.h; path = CustomServerCell.h; sourceTree = "<group>"; };
		35FEF01B21BF99460026196E /* CustomServerCell.m */ = {isa = PBXFileReference; lastKnownFileType = sourcecode.c.objc; path = CustomServerCell.m; sourceTree = "<group>"; };
		35FEF01C21BF99460026196E /* CustomServerCell.xib */ = {isa = PBXFileReference; lastKnownFileType = file.xib; path = CustomServerCell.xib; sourceTree = "<group>"; };
		35FEF01F21BFB51C0026196E /* CardManageVC.storyboard */ = {isa = PBXFileReference; lastKnownFileType = file.storyboard; path = CardManageVC.storyboard; sourceTree = "<group>"; };
		35FEF02621BFC2080026196E /* LoanProgressIngVC.h */ = {isa = PBXFileReference; lastKnownFileType = sourcecode.c.h; path = LoanProgressIngVC.h; sourceTree = "<group>"; };
		35FEF02721BFC2080026196E /* LoanProgressIngVC.m */ = {isa = PBXFileReference; lastKnownFileType = sourcecode.c.objc; path = LoanProgressIngVC.m; sourceTree = "<group>"; };
		35FEF02921BFC21E0026196E /* LoanProgressIngVC.storyboard */ = {isa = PBXFileReference; lastKnownFileType = file.storyboard; path = LoanProgressIngVC.storyboard; sourceTree = "<group>"; };
		35FEF02B21BFC2D70026196E /* LoanProgressLoseVC.h */ = {isa = PBXFileReference; lastKnownFileType = sourcecode.c.h; path = LoanProgressLoseVC.h; sourceTree = "<group>"; };
		35FEF02C21BFC2D70026196E /* LoanProgressLoseVC.m */ = {isa = PBXFileReference; lastKnownFileType = sourcecode.c.objc; path = LoanProgressLoseVC.m; sourceTree = "<group>"; };
		35FEF02E21BFC2DF0026196E /* LoanProgressLoseVC.storyboard */ = {isa = PBXFileReference; lastKnownFileType = file.storyboard; path = LoanProgressLoseVC.storyboard; sourceTree = "<group>"; };
		35FEF03021BFC40C0026196E /* LoanProgressVC.storyboard */ = {isa = PBXFileReference; lastKnownFileType = file.storyboard; path = LoanProgressVC.storyboard; sourceTree = "<group>"; };
		35FEF03221BFC4700026196E /* MyLoanVC.storyboard */ = {isa = PBXFileReference; lastKnownFileType = file.storyboard; path = MyLoanVC.storyboard; sourceTree = "<group>"; };
		39C9F526D3557AF329873BE2 /* libPods-LoanProject.a */ = {isa = PBXFileReference; explicitFileType = archive.ar; includeInIndex = 0; path = "libPods-LoanProject.a"; sourceTree = BUILT_PRODUCTS_DIR; };
		C272F44322CDDEC15AA37C95 /* Pods-LoanProject.debug.xcconfig */ = {isa = PBXFileReference; includeInIndex = 1; lastKnownFileType = text.xcconfig; name = "Pods-LoanProject.debug.xcconfig"; path = "Pods/Target Support Files/Pods-LoanProject/Pods-LoanProject.debug.xcconfig"; sourceTree = "<group>"; };
/* End PBXFileReference section */

/* Begin PBXFrameworksBuildPhase section */
		35D9749221AE978D007F139C /* Frameworks */ = {
			isa = PBXFrameworksBuildPhase;
			buildActionMask = 2147483647;
			files = (
				5E5392F9AF2D7C820F35789C /* libPods-LoanProject.a in Frameworks */,
			);
			runOnlyForDeploymentPostprocessing = 0;
		};
/* End PBXFrameworksBuildPhase section */

/* Begin PBXGroup section */
		35CFBE2521BE48500065B11D /* View */ = {
			isa = PBXGroup;
			children = (
				35CFBE2621BE485A0065B11D /* MineHeadView.h */,
				35CFBE2721BE485A0065B11D /* MineHeadView.m */,
			);
			path = View;
			sourceTree = "<group>";
		};
		35CFBE3021BE5C400065B11D /* Cell */ = {
			isa = PBXGroup;
			children = (
				35CFBE3421BE5D060065B11D /* BankCardCell.h */,
				35CFBE3521BE5D060065B11D /* BankCardCell.m */,
				35CFBE3621BE5D060065B11D /* BankCardCell.xib */,
				35CFBE3C21BE65380065B11D /* CarrierCell.h */,
				35CFBE3D21BE65380065B11D /* CarrierCell.m */,
				35CFBE3E21BE65380065B11D /* CarrierCell.xib */,
				359EDD8121BEA83E00C2A8EB /* EmergencyContactHeadView.h */,
				359EDD8221BEA83E00C2A8EB /* EmergencyContactHeadView.m */,
				359EDD8421BEA86300C2A8EB /* EmergencyContactHeadView.xib */,
				359EDD8621BEC38300C2A8EB /* AliPayFooterView.h */,
				359EDD8721BEC38300C2A8EB /* AliPayFooterView.m */,
				359EDD8921BEC3A900C2A8EB /* AliPayFooterView.xib */,
				359EDD9421BECD2700C2A8EB /* IDCardCell.h */,
				359EDD9521BECD2700C2A8EB /* IDCardCell.m */,
				359EDD9621BECD2700C2A8EB /* IDCardCell.xib */,
				357E657421C10DB100245EC8 /* GetAddressBookPopView.h */,
				357E657521C10DB100245EC8 /* GetAddressBookPopView.m */,
				357E657721C10DE900245EC8 /* GetAddressBookPopView.xib */,
				35F0176C21CB7BCA00BCEC4E /* PhoneCheckCell.h */,
				35F0176D21CB7BCA00BCEC4E /* PhoneCheckCell.m */,
				35F0176E21CB7BCA00BCEC4E /* PhoneCheckCell.xib */,
			);
			path = Cell;
			sourceTree = "<group>";
		};
		35CFBE4521BE6E0E0065B11D /* Tool */ = {
			isa = PBXGroup;
			children = (
				35CFBE4721BE6E560065B11D /* UIButton+Extension.h */,
				35CFBE4821BE6E560065B11D /* UIButton+Extension.m */,
				35A4ED3421C2635500C35ECB /* LPUser.h */,
				35A4ED3521C2635500C35ECB /* LPUser.m */,
				3564978521C54A080075AD7F /* UIImage+Extension.h */,
				3564978621C54A080075AD7F /* UIImage+Extension.m */,
				35FCAFD721CB3248006EE3FB /* UIButton+DealMultiClick.h */,
				35FCAFD821CB3248006EE3FB /* UIButton+DealMultiClick.m */,
			);
			path = Tool;
			sourceTree = "<group>";
		};
		35D9748C21AE978D007F139C = {
			isa = PBXGroup;
			children = (
				35D9749721AE978D007F139C /* LoanProject */,
				35D9749621AE978D007F139C /* Products */,
				69D123C72F2CA9C7D031EB07 /* Pods */,
				5AD8A8171909931820EAFDB2 /* Frameworks */,
			);
			sourceTree = "<group>";
		};
		35D9749621AE978D007F139C /* Products */ = {
			isa = PBXGroup;
			children = (
				35D9749521AE978D007F139C /* LoanProject.app */,
			);
			name = Products;
			sourceTree = "<group>";
		};
		35D9749721AE978D007F139C /* LoanProject */ = {
			isa = PBXGroup;
			children = (
				35D974AF21AE9861007F139C /* Classes */,
				35D9749821AE978D007F139C /* AppDelegate.h */,
				35D9749921AE978D007F139C /* AppDelegate.m */,
				35D974C721AE9A0F007F139C /* LPA-Prefix.pch */,
				35D974C621AE9A0F007F139C /* UI.json */,
				35D9749E21AE978D007F139C /* Main.storyboard */,
				35D974A121AE978E007F139C /* Assets.xcassets */,
				35D974A321AE978E007F139C /* LaunchScreen.storyboard */,
				35D974A621AE978E007F139C /* Info.plist */,
				35D974A721AE978E007F139C /* main.m */,
			);
			path = LoanProject;
			sourceTree = "<group>";
		};
		35D974AF21AE9861007F139C /* Classes */ = {
			isa = PBXGroup;
			children = (
				35CFBE4521BE6E0E0065B11D /* Tool */,
				35D974D521AFE2C7007F139C /* Login */,
				35D974B421AE9861007F139C /* Main */,
				35D974B821AE9861007F139C /* Certification */,
				35D974B021AE9861007F139C /* Mine */,
			);
			path = Classes;
			sourceTree = "<group>";
		};
		35D974B021AE9861007F139C /* Mine */ = {
			isa = PBXGroup;
			children = (
				35D974B121AE9861007F139C /* Controller */,
				35CFBE2521BE48500065B11D /* View */,
				35D974B221AE9861007F139C /* Model */,
				35D974DE21AFF2AA007F139C /* SonModule */,
			);
			path = Mine;
			sourceTree = "<group>";
		};
		35D974B121AE9861007F139C /* Controller */ = {
			isa = PBXGroup;
			children = (
				35D974CC21AE9A9B007F139C /* LPMineVC.h */,
				35D974CD21AE9A9B007F139C /* LPMineVC.m */,
			);
			path = Controller;
			sourceTree = "<group>";
		};
		35D974B221AE9861007F139C /* Model */ = {
			isa = PBXGroup;
			children = (
			);
			path = Model;
			sourceTree = "<group>";
		};
		35D974B421AE9861007F139C /* Main */ = {
			isa = PBXGroup;
			children = (
				35D974B521AE9861007F139C /* Controller */,
				35D974B621AE9861007F139C /* Model */,
				35D974B721AE9861007F139C /* View */,
			);
			path = Main;
			sourceTree = "<group>";
		};
		35D974B521AE9861007F139C /* Controller */ = {
			isa = PBXGroup;
			children = (
				35D974C021AE991A007F139C /* LPMainNavC.h */,
				35D974C221AE991A007F139C /* LPMainNavC.m */,
				35D974C321AE991A007F139C /* LPMainTabBarC.h */,
				35D974C121AE991A007F139C /* LPMainTabBarC.m */,
			);
			path = Controller;
			sourceTree = "<group>";
		};
		35D974B621AE9861007F139C /* Model */ = {
			isa = PBXGroup;
			children = (
			);
			path = Model;
			sourceTree = "<group>";
		};
		35D974B721AE9861007F139C /* View */ = {
			isa = PBXGroup;
			children = (
			);
			path = View;
			sourceTree = "<group>";
		};
		35D974B821AE9861007F139C /* Certification */ = {
			isa = PBXGroup;
			children = (
				35D974B921AE9861007F139C /* Controller */,
				35D974BA21AE9861007F139C /* Model */,
				35D974BB21AE9861007F139C /* View */,
				35D974E021AFF2B3007F139C /* SonModule */,
			);
			path = Certification;
			sourceTree = "<group>";
		};
		35D974B921AE9861007F139C /* Controller */ = {
			isa = PBXGroup;
			children = (
				35D974C921AE9A86007F139C /* LPCertificationVC.h */,
				35D974CA21AE9A86007F139C /* LPCertificationVC.m */,
			);
			path = Controller;
			sourceTree = "<group>";
		};
		35D974BA21AE9861007F139C /* Model */ = {
			isa = PBXGroup;
			children = (
			);
			path = Model;
			sourceTree = "<group>";
		};
		35D974BB21AE9861007F139C /* View */ = {
			isa = PBXGroup;
			children = (
				35D974CF21AEA068007F139C /* LPCertificationCell.h */,
				35D974D021AEA068007F139C /* LPCertificationCell.m */,
			);
			path = View;
			sourceTree = "<group>";
		};
		35D974D521AFE2C7007F139C /* Login */ = {
			isa = PBXGroup;
			children = (
				35D974D621AFE2C7007F139C /* Controller */,
			);
			name = Login;
			path = LoanProject/Classes/Login;
			sourceTree = SOURCE_ROOT;
		};
		35D974D621AFE2C7007F139C /* Controller */ = {
			isa = PBXGroup;
			children = (
				35D974D721AFE2DD007F139C /* LoginVC.h */,
				35D974D821AFE2DD007F139C /* LoginVC.m */,
				35D974DC21AFE30B007F139C /* LoginVC.storyboard */,
			);
			path = Controller;
			sourceTree = "<group>";
		};
		35D974DE21AFF2AA007F139C /* SonModule */ = {
			isa = PBXGroup;
			children = (
				35D974DF21AFF2AA007F139C /* Controller */,
				35FEF01921BF990C0026196E /* View */,
			);
			path = SonModule;
			sourceTree = "<group>";
		};
		35D974DF21AFF2AA007F139C /* Controller */ = {
			isa = PBXGroup;
			children = (
				35CFBE0A21BE0A7B0065B11D /* LoanProgressVC.h */,
				35CFBE0B21BE0A7B0065B11D /* LoanProgressVC.m */,
				35FEF03021BFC40C0026196E /* LoanProgressVC.storyboard */,
				35FEF02621BFC2080026196E /* LoanProgressIngVC.h */,
				35FEF02721BFC2080026196E /* LoanProgressIngVC.m */,
				35FEF02921BFC21E0026196E /* LoanProgressIngVC.storyboard */,
				35FEF02B21BFC2D70026196E /* LoanProgressLoseVC.h */,
				35FEF02C21BFC2D70026196E /* LoanProgressLoseVC.m */,
				35FEF02E21BFC2DF0026196E /* LoanProgressLoseVC.storyboard */,
				35CFBE0D21BE0AA80065B11D /* MyLoanVC.h */,
				35CFBE0E21BE0AA80065B11D /* MyLoanVC.m */,
				35FEF03221BFC4700026196E /* MyLoanVC.storyboard */,
				35CFBE1021BE0AD50065B11D /* CustomerServiceVC.h */,
				35CFBE1121BE0AD50065B11D /* CustomerServiceVC.m */,
				35CFBE1321BE0AFC0065B11D /* CardManageVC.h */,
				35CFBE1421BE0AFC0065B11D /* CardManageVC.m */,
				35FEF01F21BFB51C0026196E /* CardManageVC.storyboard */,
				35D974E521AFF2E5007F139C /* HelpCenterVC.h */,
				35D974E621AFF2E5007F139C /* HelpCenterVC.m */,
				357E657921C10E4500245EC8 /* RepaySuccessVC.h */,
				357E657A21C10E4500245EC8 /* RepaySuccessVC.m */,
				357E657C21C10E7900245EC8 /* RepaySuccessVC.storyboard */,
			);
			path = Controller;
			sourceTree = "<group>";
		};
		35D974E021AFF2B3007F139C /* SonModule */ = {
			isa = PBXGroup;
			children = (
				35D974E121AFF2B3007F139C /* Controller */,
				35CFBE3021BE5C400065B11D /* Cell */,
			);
			path = SonModule;
			sourceTree = "<group>";
		};
		35D974E121AFF2B3007F139C /* Controller */ = {
			isa = PBXGroup;
			children = (
				35CFBE1C21BE0C1C0065B11D /* IDCardCertificationVC.h */,
				35CFBE1D21BE0C1C0065B11D /* IDCardCertificationVC.m */,
				35CFBE1621BE0B8A0065B11D /* CarrierCertificationVC.h */,
				35CFBE1721BE0B8A0065B11D /* CarrierCertificationVC.m */,
				35CFBE4121BE681C0065B11D /* PhoneCertificationVC.h */,
				35CFBE4221BE681C0065B11D /* PhoneCertificationVC.m */,
				35CFBE1921BE0BE20065B11D /* AlipayCertificationVC.h */,
				35CFBE1A21BE0BE20065B11D /* AlipayCertificationVC.m */,
				35CFBE1F21BE0C3C0065B11D /* BankCardCertificationVC.h */,
				35CFBE2021BE0C3C0065B11D /* BankCardCertificationVC.m */,
				3564978821C6370B0075AD7F /* ProtocolVC.h */,
				3564978921C6370B0075AD7F /* ProtocolVC.m */,
				35F0176421CB6FDD00BCEC4E /* SubmitSuccessVC.h */,
				35F0176521CB6FDD00BCEC4E /* SubmitSuccessVC.m */,
				35F0176721CB6FEB00BCEC4E /* SubmitSuccessVC.storyboard */,
				35F0176921CB701000BCEC4E /* CarrierProtocolVC.h */,
				35F0176A21CB701000BCEC4E /* CarrierProtocolVC.m */,
			);
			path = Controller;
			sourceTree = "<group>";
		};
		35FEF01921BF990C0026196E /* View */ = {
			isa = PBXGroup;
			children = (
				35FEF01A21BF99460026196E /* CustomServerCell.h */,
				35FEF01B21BF99460026196E /* CustomServerCell.m */,
				35FEF01C21BF99460026196E /* CustomServerCell.xib */,
				357E657E21C10ECC00245EC8 /* PaymentCodePopView.h */,
				357E657F21C10ECC00245EC8 /* PaymentCodePopView.m */,
				357E658121C10EDC00245EC8 /* PaymentCodePopView.xib */,
			);
			path = View;
			sourceTree = "<group>";
		};
		5AD8A8171909931820EAFDB2 /* Frameworks */ = {
			isa = PBXGroup;
			children = (
				39C9F526D3557AF329873BE2 /* libPods-LoanProject.a */,
			);
			name = Frameworks;
			sourceTree = "<group>";
		};
		69D123C72F2CA9C7D031EB07 /* Pods */ = {
			isa = PBXGroup;
			children = (
				C272F44322CDDEC15AA37C95 /* Pods-LoanProject.debug.xcconfig */,
				2A8C419A6E50DC3FBFBA2815 /* Pods-LoanProject.release.xcconfig */,
			);
			name = Pods;
			sourceTree = "<group>";
		};
/* End PBXGroup section */

/* Begin PBXNativeTarget section */
		35D9749421AE978D007F139C /* LoanProject */ = {
			isa = PBXNativeTarget;
			buildConfigurationList = 35D974AB21AE978E007F139C /* Build configuration list for PBXNativeTarget "LoanProject" */;
			buildPhases = (
				0C238D6C6BBFE1547AABA278 /* [CP] Check Pods Manifest.lock */,
				35D9749121AE978D007F139C /* Sources */,
				35D9749221AE978D007F139C /* Frameworks */,
				35D9749321AE978D007F139C /* Resources */,
				3CC1D8C5CD536F3C1A1DFAC7 /* [CP] Copy Pods Resources */,
				7C2022E79E406FEA73B40339 /* [CP] Embed Pods Frameworks */,
			);
			buildRules = (
			);
			dependencies = (
			);
			name = LoanProject;
			productName = LoanProject;
			productReference = 35D9749521AE978D007F139C /* LoanProject.app */;
			productType = "com.apple.product-type.application";
		};
/* End PBXNativeTarget section */

/* Begin PBXProject section */
		35D9748D21AE978D007F139C /* Project object */ = {
			isa = PBXProject;
			attributes = {
				LastUpgradeCheck = 1010;
				ORGANIZATIONNAME = "张晨曦";
				TargetAttributes = {
					35D9749421AE978D007F139C = {
						CreatedOnToolsVersion = 10.1;
					};
				};
			};
			buildConfigurationList = 35D9749021AE978D007F139C /* Build configuration list for PBXProject "LoanProject" */;
			compatibilityVersion = "Xcode 9.3";
			developmentRegion = en;
			hasScannedForEncodings = 0;
			knownRegions = (
				en,
				Base,
			);
			mainGroup = 35D9748C21AE978D007F139C;
			productRefGroup = 35D9749621AE978D007F139C /* Products */;
			projectDirPath = "";
			projectRoot = "";
			targets = (
				35D9749421AE978D007F139C /* LoanProject */,
			);
		};
/* End PBXProject section */

/* Begin PBXResourcesBuildPhase section */
		35D9749321AE978D007F139C /* Resources */ = {
			isa = PBXResourcesBuildPhase;
			buildActionMask = 2147483647;
			files = (
				35FEF01E21BF99460026196E /* CustomServerCell.xib in Resources */,
				357E657821C10DE900245EC8 /* GetAddressBookPopView.xib in Resources */,
				359EDD8A21BEC3A900C2A8EB /* AliPayFooterView.xib in Resources */,
				35F0176821CB6FEB00BCEC4E /* SubmitSuccessVC.storyboard in Resources */,
				35F0177021CB7BCA00BCEC4E /* PhoneCheckCell.xib in Resources */,
				357E657D21C10E7900245EC8 /* RepaySuccessVC.storyboard in Resources */,
				35D974A521AE978E007F139C /* LaunchScreen.storyboard in Resources */,
				35FEF03321BFC4700026196E /* MyLoanVC.storyboard in Resources */,
				35FEF02F21BFC2DF0026196E /* LoanProgressLoseVC.storyboard in Resources */,
				35CFBE4021BE65380065B11D /* CarrierCell.xib in Resources */,
				35D974C821AE9A0F007F139C /* UI.json in Resources */,
				35D974A221AE978E007F139C /* Assets.xcassets in Resources */,
				35FEF02A21BFC21E0026196E /* LoanProgressIngVC.storyboard in Resources */,
				35CFBE3821BE5D060065B11D /* BankCardCell.xib in Resources */,
				359EDD9821BECD2700C2A8EB /* IDCardCell.xib in Resources */,
				359EDD8521BEA86300C2A8EB /* EmergencyContactHeadView.xib in Resources */,
				357E658221C10EDC00245EC8 /* PaymentCodePopView.xib in Resources */,
				35FEF03121BFC40C0026196E /* LoanProgressVC.storyboard in Resources */,
				35D974DD21AFE30B007F139C /* LoginVC.storyboard in Resources */,
				35FEF02021BFB51C0026196E /* CardManageVC.storyboard in Resources */,
				35D974A021AE978D007F139C /* Main.storyboard in Resources */,
			);
			runOnlyForDeploymentPostprocessing = 0;
		};
/* End PBXResourcesBuildPhase section */

/* Begin PBXShellScriptBuildPhase section */
		0C238D6C6BBFE1547AABA278 /* [CP] Check Pods Manifest.lock */ = {
			isa = PBXShellScriptBuildPhase;
			buildActionMask = 2147483647;
			files = (
			);
			inputPaths = (
				"${PODS_PODFILE_DIR_PATH}/Podfile.lock",
				"${PODS_ROOT}/Manifest.lock",
			);
			name = "[CP] Check Pods Manifest.lock";
			outputPaths = (
				"$(DERIVED_FILE_DIR)/Pods-LoanProject-checkManifestLockResult.txt",
			);
			runOnlyForDeploymentPostprocessing = 0;
			shellPath = /bin/sh;
			shellScript = "diff \"${PODS_PODFILE_DIR_PATH}/Podfile.lock\" \"${PODS_ROOT}/Manifest.lock\" > /dev/null\nif [ $? != 0 ] ; then\n    # print error to STDERR\n    echo \"error: The sandbox is not in sync with the Podfile.lock. Run 'pod install' or update your CocoaPods installation.\" >&2\n    exit 1\nfi\n# This output is used by Xcode 'outputs' to avoid re-running this script phase.\necho \"SUCCESS\" > \"${SCRIPT_OUTPUT_FILE_0}\"\n";
			showEnvVarsInLog = 0;
		};
		3CC1D8C5CD536F3C1A1DFAC7 /* [CP] Copy Pods Resources */ = {
			isa = PBXShellScriptBuildPhase;
			buildActionMask = 2147483647;
			files = (
			);
			inputPaths = (
				"${SRCROOT}/Pods/Target Support Files/Pods-LoanProject/Pods-LoanProject-resources.sh",
				"${PODS_ROOT}/SVProgressHUD/SVProgressHUD/SVProgressHUD.bundle",
			);
			name = "[CP] Copy Pods Resources";
			outputPaths = (
				"${TARGET_BUILD_DIR}/${UNLOCALIZED_RESOURCES_FOLDER_PATH}/SVProgressHUD.bundle",
			);
			runOnlyForDeploymentPostprocessing = 0;
			shellPath = /bin/sh;
			shellScript = "\"${SRCROOT}/Pods/Target Support Files/Pods-LoanProject/Pods-LoanProject-resources.sh\"\n";
			showEnvVarsInLog = 0;
		};
		7C2022E79E406FEA73B40339 /* [CP] Embed Pods Frameworks */ = {
			isa = PBXShellScriptBuildPhase;
			buildActionMask = 2147483647;
			files = (
			);
			inputPaths = (
			);
			name = "[CP] Embed Pods Frameworks";
			outputPaths = (
			);
			runOnlyForDeploymentPostprocessing = 0;
			shellPath = /bin/sh;
			shellScript = "\"${SRCROOT}/Pods/Target Support Files/Pods-LoanProject/Pods-LoanProject-frameworks.sh\"\n";
			showEnvVarsInLog = 0;
		};
/* End PBXShellScriptBuildPhase section */

/* Begin PBXSourcesBuildPhase section */
		35D9749121AE978D007F139C /* Sources */ = {
			isa = PBXSourcesBuildPhase;
			buildActionMask = 2147483647;
			files = (
				35CFBE3F21BE65380065B11D /* CarrierCell.m in Sources */,
				35D974C421AE991A007F139C /* LPMainTabBarC.m in Sources */,
				35D974CE21AE9A9B007F139C /* LPMineVC.m in Sources */,
				35CFBE0F21BE0AA80065B11D /* MyLoanVC.m in Sources */,
				35D974E721AFF2E5007F139C /* HelpCenterVC.m in Sources */,
				35CFBE1821BE0B8A0065B11D /* CarrierCertificationVC.m in Sources */,
				357E657B21C10E4500245EC8 /* RepaySuccessVC.m in Sources */,
				35CFBE0C21BE0A7B0065B11D /* LoanProgressVC.m in Sources */,
				357E658021C10ECC00245EC8 /* PaymentCodePopView.m in Sources */,
				3564978721C54A080075AD7F /* UIImage+Extension.m in Sources */,
				35FEF01D21BF99460026196E /* CustomServerCell.m in Sources */,
				35CFBE4921BE6E560065B11D /* UIButton+Extension.m in Sources */,
				35CFBE1E21BE0C1C0065B11D /* IDCardCertificationVC.m in Sources */,
				35F0176F21CB7BCA00BCEC4E /* PhoneCheckCell.m in Sources */,
				35FEF02D21BFC2D70026196E /* LoanProgressLoseVC.m in Sources */,
				35D974A821AE978E007F139C /* main.m in Sources */,
				35F0176B21CB701000BCEC4E /* CarrierProtocolVC.m in Sources */,
				35D974CB21AE9A86007F139C /* LPCertificationVC.m in Sources */,
				3564978A21C6370B0075AD7F /* ProtocolVC.m in Sources */,
				35FCAFD921CB3248006EE3FB /* UIButton+DealMultiClick.m in Sources */,
				35D974D121AEA068007F139C /* LPCertificationCell.m in Sources */,
				35D9749A21AE978D007F139C /* AppDelegate.m in Sources */,
				35D974D921AFE2DD007F139C /* LoginVC.m in Sources */,
				35CFBE1221BE0AD50065B11D /* CustomerServiceVC.m in Sources */,
				359EDD8321BEA83E00C2A8EB /* EmergencyContactHeadView.m in Sources */,
				35CFBE4321BE681C0065B11D /* PhoneCertificationVC.m in Sources */,
				35CFBE2821BE485A0065B11D /* MineHeadView.m in Sources */,
				35CFBE2121BE0C3C0065B11D /* BankCardCertificationVC.m in Sources */,
				35D974C521AE991A007F139C /* LPMainNavC.m in Sources */,
				35CFBE3721BE5D060065B11D /* BankCardCell.m in Sources */,
				359EDD9721BECD2700C2A8EB /* IDCardCell.m in Sources */,
				35FEF02821BFC2080026196E /* LoanProgressIngVC.m in Sources */,
				35F0176621CB6FDD00BCEC4E /* SubmitSuccessVC.m in Sources */,
				35CFBE1521BE0AFC0065B11D /* CardManageVC.m in Sources */,
				35CFBE1B21BE0BE20065B11D /* AlipayCertificationVC.m in Sources */,
				359EDD8821BEC38300C2A8EB /* AliPayFooterView.m in Sources */,
				35A4ED3621C2635500C35ECB /* LPUser.m in Sources */,
				357E657621C10DB100245EC8 /* GetAddressBookPopView.m in Sources */,
			);
			runOnlyForDeploymentPostprocessing = 0;
		};
/* End PBXSourcesBuildPhase section */

/* Begin PBXVariantGroup section */
		35D9749E21AE978D007F139C /* Main.storyboard */ = {
			isa = PBXVariantGroup;
			children = (
				35D9749F21AE978D007F139C /* Base */,
			);
			name = Main.storyboard;
			sourceTree = "<group>";
		};
		35D974A321AE978E007F139C /* LaunchScreen.storyboard */ = {
			isa = PBXVariantGroup;
			children = (
				35D974A421AE978E007F139C /* Base */,
			);
			name = LaunchScreen.storyboard;
			sourceTree = "<group>";
		};
/* End PBXVariantGroup section */

/* Begin XCBuildConfiguration section */
		35D974A921AE978E007F139C /* Debug */ = {
			isa = XCBuildConfiguration;
			buildSettings = {
				ALWAYS_SEARCH_USER_PATHS = NO;
				CLANG_ANALYZER_NONNULL = YES;
				CLANG_ANALYZER_NUMBER_OBJECT_CONVERSION = YES_AGGRESSIVE;
				CLANG_CXX_LANGUAGE_STANDARD = "gnu++14";
				CLANG_CXX_LIBRARY = "libc++";
				CLANG_ENABLE_MODULES = YES;
				CLANG_ENABLE_OBJC_ARC = YES;
				CLANG_ENABLE_OBJC_WEAK = YES;
				CLANG_WARN_BLOCK_CAPTURE_AUTORELEASING = YES;
				CLANG_WARN_BOOL_CONVERSION = YES;
				CLANG_WARN_COMMA = YES;
				CLANG_WARN_CONSTANT_CONVERSION = YES;
				CLANG_WARN_DEPRECATED_OBJC_IMPLEMENTATIONS = YES;
				CLANG_WARN_DIRECT_OBJC_ISA_USAGE = YES_ERROR;
				CLANG_WARN_DOCUMENTATION_COMMENTS = YES;
				CLANG_WARN_EMPTY_BODY = YES;
				CLANG_WARN_ENUM_CONVERSION = YES;
				CLANG_WARN_INFINITE_RECURSION = YES;
				CLANG_WARN_INT_CONVERSION = YES;
				CLANG_WARN_NON_LITERAL_NULL_CONVERSION = YES;
				CLANG_WARN_OBJC_IMPLICIT_RETAIN_SELF = YES;
				CLANG_WARN_OBJC_LITERAL_CONVERSION = YES;
				CLANG_WARN_OBJC_ROOT_CLASS = YES_ERROR;
				CLANG_WARN_RANGE_LOOP_ANALYSIS = YES;
				CLANG_WARN_STRICT_PROTOTYPES = YES;
				CLANG_WARN_SUSPICIOUS_MOVE = YES;
				CLANG_WARN_UNGUARDED_AVAILABILITY = YES_AGGRESSIVE;
				CLANG_WARN_UNREACHABLE_CODE = YES;
				CLANG_WARN__DUPLICATE_METHOD_MATCH = YES;
				CODE_SIGN_IDENTITY = "iPhone Developer";
				COPY_PHASE_STRIP = NO;
				DEBUG_INFORMATION_FORMAT = dwarf;
				ENABLE_STRICT_OBJC_MSGSEND = YES;
				ENABLE_TESTABILITY = YES;
				GCC_C_LANGUAGE_STANDARD = gnu11;
				GCC_DYNAMIC_NO_PIC = NO;
				GCC_NO_COMMON_BLOCKS = YES;
				GCC_OPTIMIZATION_LEVEL = 0;
				GCC_PREPROCESSOR_DEFINITIONS = (
					"DEBUG=1",
					"$(inherited)",
				);
				GCC_WARN_64_TO_32_BIT_CONVERSION = YES;
				GCC_WARN_ABOUT_RETURN_TYPE = YES_ERROR;
				GCC_WARN_UNDECLARED_SELECTOR = YES;
				GCC_WARN_UNINITIALIZED_AUTOS = YES_AGGRESSIVE;
				GCC_WARN_UNUSED_FUNCTION = YES;
				GCC_WARN_UNUSED_VARIABLE = YES;
				IPHONEOS_DEPLOYMENT_TARGET = 12.1;
				MTL_ENABLE_DEBUG_INFO = INCLUDE_SOURCE;
				MTL_FAST_MATH = YES;
				ONLY_ACTIVE_ARCH = YES;
				SDKROOT = iphoneos;
			};
			name = Debug;
		};
		35D974AA21AE978E007F139C /* Release */ = {
			isa = XCBuildConfiguration;
			buildSettings = {
				ALWAYS_SEARCH_USER_PATHS = NO;
				CLANG_ANALYZER_NONNULL = YES;
				CLANG_ANALYZER_NUMBER_OBJECT_CONVERSION = YES_AGGRESSIVE;
				CLANG_CXX_LANGUAGE_STANDARD = "gnu++14";
				CLANG_CXX_LIBRARY = "libc++";
				CLANG_ENABLE_MODULES = YES;
				CLANG_ENABLE_OBJC_ARC = YES;
				CLANG_ENABLE_OBJC_WEAK = YES;
				CLANG_WARN_BLOCK_CAPTURE_AUTORELEASING = YES;
				CLANG_WARN_BOOL_CONVERSION = YES;
				CLANG_WARN_COMMA = YES;
				CLANG_WARN_CONSTANT_CONVERSION = YES;
				CLANG_WARN_DEPRECATED_OBJC_IMPLEMENTATIONS = YES;
				CLANG_WARN_DIRECT_OBJC_ISA_USAGE = YES_ERROR;
				CLANG_WARN_DOCUMENTATION_COMMENTS = YES;
				CLANG_WARN_EMPTY_BODY = YES;
				CLANG_WARN_ENUM_CONVERSION = YES;
				CLANG_WARN_INFINITE_RECURSION = YES;
				CLANG_WARN_INT_CONVERSION = YES;
				CLANG_WARN_NON_LITERAL_NULL_CONVERSION = YES;
				CLANG_WARN_OBJC_IMPLICIT_RETAIN_SELF = YES;
				CLANG_WARN_OBJC_LITERAL_CONVERSION = YES;
				CLANG_WARN_OBJC_ROOT_CLASS = YES_ERROR;
				CLANG_WARN_RANGE_LOOP_ANALYSIS = YES;
				CLANG_WARN_STRICT_PROTOTYPES = YES;
				CLANG_WARN_SUSPICIOUS_MOVE = YES;
				CLANG_WARN_UNGUARDED_AVAILABILITY = YES_AGGRESSIVE;
				CLANG_WARN_UNREACHABLE_CODE = YES;
				CLANG_WARN__DUPLICATE_METHOD_MATCH = YES;
				CODE_SIGN_IDENTITY = "iPhone Developer";
				COPY_PHASE_STRIP = NO;
				DEBUG_INFORMATION_FORMAT = "dwarf-with-dsym";
				ENABLE_NS_ASSERTIONS = NO;
				ENABLE_STRICT_OBJC_MSGSEND = YES;
				GCC_C_LANGUAGE_STANDARD = gnu11;
				GCC_NO_COMMON_BLOCKS = YES;
				GCC_WARN_64_TO_32_BIT_CONVERSION = YES;
				GCC_WARN_ABOUT_RETURN_TYPE = YES_ERROR;
				GCC_WARN_UNDECLARED_SELECTOR = YES;
				GCC_WARN_UNINITIALIZED_AUTOS = YES_AGGRESSIVE;
				GCC_WARN_UNUSED_FUNCTION = YES;
				GCC_WARN_UNUSED_VARIABLE = YES;
				IPHONEOS_DEPLOYMENT_TARGET = 12.1;
				MTL_ENABLE_DEBUG_INFO = NO;
				MTL_FAST_MATH = YES;
				SDKROOT = iphoneos;
				VALIDATE_PRODUCT = YES;
			};
			name = Release;
		};
		35D974AC21AE978E007F139C /* Debug */ = {
			isa = XCBuildConfiguration;
			baseConfigurationReference = C272F44322CDDEC15AA37C95 /* Pods-LoanProject.debug.xcconfig */;
			buildSettings = {
				ASSETCATALOG_COMPILER_APPICON_NAME = AppIcon;
				ASSETCATALOG_COMPILER_LAUNCHIMAGE_NAME = LaunchImage;
				CODE_SIGN_STYLE = Automatic;
				DEVELOPMENT_TEAM = 25A4P975DK;
				GCC_PRECOMPILE_PREFIX_HEADER = YES;
				GCC_PREFIX_HEADER = "LoanProject/LPA-Prefix.pch";
				INFOPLIST_FILE = LoanProject/Info.plist;
				IPHONEOS_DEPLOYMENT_TARGET = 9.0;
				LD_RUNPATH_SEARCH_PATHS = (
					"$(inherited)",
					"@executable_path/Frameworks",
				);
				PRODUCT_BUNDLE_IDENTIFIER = com.waibao.LoanProject;
				PRODUCT_NAME = "$(TARGET_NAME)";
				TARGETED_DEVICE_FAMILY = 1;
			};
			name = Debug;
		};
		35D974AD21AE978E007F139C /* Release */ = {
			isa = XCBuildConfiguration;
			baseConfigurationReference = 2A8C419A6E50DC3FBFBA2815 /* Pods-LoanProject.release.xcconfig */;
			buildSettings = {
				ASSETCATALOG_COMPILER_APPICON_NAME = AppIcon;
				ASSETCATALOG_COMPILER_LAUNCHIMAGE_NAME = LaunchImage;
				CODE_SIGN_STYLE = Automatic;
				DEVELOPMENT_TEAM = 25A4P975DK;
				GCC_PRECOMPILE_PREFIX_HEADER = YES;
				GCC_PREFIX_HEADER = "LoanProject/LPA-Prefix.pch";
				INFOPLIST_FILE = LoanProject/Info.plist;
				IPHONEOS_DEPLOYMENT_TARGET = 9.0;
				LD_RUNPATH_SEARCH_PATHS = (
					"$(inherited)",
					"@executable_path/Frameworks",
				);
				PRODUCT_BUNDLE_IDENTIFIER = com.waibao.LoanProject;
				PRODUCT_NAME = "$(TARGET_NAME)";
				TARGETED_DEVICE_FAMILY = 1;
			};
			name = Release;
		};
/* End XCBuildConfiguration section */

/* Begin XCConfigurationList section */
		35D9749021AE978D007F139C /* Build configuration list for PBXProject "LoanProject" */ = {
			isa = XCConfigurationList;
			buildConfigurations = (
				35D974A921AE978E007F139C /* Debug */,
				35D974AA21AE978E007F139C /* Release */,
			);
			defaultConfigurationIsVisible = 0;
			defaultConfigurationName = Release;
		};
		35D974AB21AE978E007F139C /* Build configuration list for PBXNativeTarget "LoanProject" */ = {
			isa = XCConfigurationList;
			buildConfigurations = (
				35D974AC21AE978E007F139C /* Debug */,
				35D974AD21AE978E007F139C /* Release */,
			);
			defaultConfigurationIsVisible = 0;
			defaultConfigurationName = Release;
		};
/* End XCConfigurationList section */
	};
	rootObject = 35D9748D21AE978D007F139C /* Project object */;
}
